
Microsoft Visual Studio Solution File, Format Version 11.00
# Visual Studio 2010
Project("{FAE04EC0-301F-11D3-BF4B-00C04F79EFBC}") = "Did", "Did\Did.csproj", "{66F95A9A-6051-44AB-BB35-12978C22AEEC}"
EndProject
Global
	GlobalSection(SolutionConfigurationPlatforms) = preSolution
		Debug|Any CPU = Debug|Any CPU
		Release|Any CPU = Release|Any CPU
	EndGlobalSection
	GlobalSection(ProjectConfigurationPlatforms) = postSolution
		{66F95A9A-6051-44AB-BB35-12978C22AEEC}.Debug|Any CPU.ActiveCfg = Debug|Any CPU
		{66F95A9A-6051-44AB-BB35-12978C22AEEC}.Debug|Any CPU.Build.0 = Debug|Any CPU
		{66F95A9A-6051-44AB-BB35-12978C22AEEC}.Release|Any CPU.ActiveCfg = Release|Any CPU
		{66F95A9A-6051-44AB-BB35-12978C22AEEC}.Release|Any CPU.Build.0 = Release|Any CPU
	EndGlobalSection
	GlobalSection(SolutionProperties) = preSolution
		HideSolutionNode = FALSE
	EndGlobalSection
EndGlobal
